// !$*UTF8*$!
{
	archiveVersion = 1;
	classes = {
	};
	objectVersion = 50;
	objects = {

/* Begin PBXBuildFile section */
		44AE9A9822B5A7A6004789FE /* AppDelegate.swift in Sources */ = {isa = PBXBuildFile; fileRef = 44AE9A9722B5A7A6004789FE /* AppDelegate.swift */; };
		44AE9A9A22B5A7A6004789FE /* SceneDelegate.swift in Sources */ = {isa = PBXBuildFile; fileRef = 44AE9A9922B5A7A6004789FE /* SceneDelegate.swift */; };
		44AE9A9C22B5A7A6004789FE /* ContentView.swift in Sources */ = {isa = PBXBuildFile; fileRef = 44AE9A9B22B5A7A6004789FE /* ContentView.swift */; };
		44AE9A9E22B5A7B0004789FE /* Assets.xcassets in Resources */ = {isa = PBXBuildFile; fileRef = 44AE9A9D22B5A7B0004789FE /* Assets.xcassets */; };
		44AE9AA122B5A7B0004789FE /* Preview Assets.xcassets in Resources */ = {isa = PBXBuildFile; fileRef = 44AE9AA022B5A7B0004789FE /* Preview Assets.xcassets */; };
		44AE9AA422B5A7B0004789FE /* LaunchScreen.storyboard in Resources */ = {isa = PBXBuildFile; fileRef = 44AE9AA222B5A7B0004789FE /* LaunchScreen.storyboard */; };
/* End PBXBuildFile section */

/* Begin PBXFileReference section */
		44AE9A9422B5A7A6004789FE /* MiracleBC_Staff.app */ = {isa = PBXFileReference; explicitFileType = wrapper.application; includeInIndex = 0; path = MiracleBC_Staff.app; sourceTree = BUILT_PRODUCTS_DIR; };
		44AE9A9722B5A7A6004789FE /* AppDelegate.swift */ = {isa = PBXFileReference; lastKnownFileType = sourcecode.swift; path = AppDelegate.swift; sourceTree = "<group>"; };
		44AE9A9922B5A7A6004789FE /* SceneDelegate.swift */ = {isa = PBXFileReference; lastKnownFileType = sourcecode.swift; path = SceneDelegate.swift; sourceTree = "<group>"; };
		44AE9A9B22B5A7A6004789FE /* ContentView.swift */ = {isa = PBXFileReference; lastKnownFileType = sourcecode.swift; path = ContentView.swift; sourceTree = "<group>"; };
		44AE9A9D22B5A7B0004789FE /* Assets.xcassets */ = {isa = PBXFileReference; lastKnownFileType = folder.assetcatalog; path = Assets.xcassets; sourceTree = "<group>"; };
		44AE9AA022B5A7B0004789FE /* Preview Assets.xcassets */ = {isa = PBXFileReference; lastKnownFileType = folder.assetcatalog; path = "Preview Assets.xcassets"; sourceTree = "<group>"; };
		44AE9AA322B5A7B0004789FE /* Base */ = {isa = PBXFileReference; lastKnownFileType = file.storyboard; name = Base; path = Base.lproj/LaunchScreen.storyboard; sourceTree = "<group>"; };
		44AE9AA522B5A7B0004789FE /* Info.plist */ = {isa = PBXFileReference; lastKnownFileType = text.plist.xml; path = Info.plist; sourceTree = "<group>"; };
/* End PBXFileReference section */

/* Begin PBXFrameworksBuildPhase section */
		44AE9A9122B5A7A6004789FE /* Frameworks */ = {
			isa = PBXFrameworksBuildPhase;
			buildActionMask = 2147483647;
			files = (
			);
			runOnlyForDeploymentPostprocessing = 0;
		};
/* End PBXFrameworksBuildPhase section */

/* Begin PBXGroup section */
		44AE9A8B22B5A7A6004789FE = {
			isa = PBXGroup;
			children = (
				44AE9A9622B5A7A6004789FE /* MiracleBC_Staff */,
				44AE9A9522B5A7A6004789FE /* Products */,
			);
			sourceTree = "<group>";
		};
		44AE9A9522B5A7A6004789FE /* Products */ = {
			isa = PBXGroup;
			children = (
				44AE9A9422B5A7A6004789FE /* MiracleBC_Staff.app */,
			);
			name = Products;
			sourceTree = "<group>";
		};
		44AE9A9622B5A7A6004789FE /* MiracleBC_Staff */ = {
			isa = PBXGroup;
			children = (
				44AE9A9722B5A7A6004789FE /* AppDelegate.swift */,
				44AE9A9922B5A7A6004789FE /* SceneDelegate.swift */,
				44AE9A9B22B5A7A6004789FE /* ContentView.swift */,
				44AE9A9D22B5A7B0004789FE /* Assets.xcassets */,
				44AE9AA222B5A7B0004789FE /* LaunchScreen.storyboard */,
				44AE9AA522B5A7B0004789FE /* Info.plist */,
				44AE9A9F22B5A7B0004789FE /* Preview Content */,
			);
			path = MiracleBC_Staff;
			sourceTree = "<group>";
		};
		44AE9A9F22B5A7B0004789FE /* Preview Content */ = {
			isa = PBXGroup;
			children = (
				44AE9AA022B5A7B0004789FE /* Preview Assets.xcassets */,
			);
			path = "Preview Content";
			sourceTree = "<group>";
		};
/* End PBXGroup section */

/* Begin PBXNativeTarget section */
		44AE9A9322B5A7A6004789FE /* MiracleBC_Staff */ = {
			isa = PBXNativeTarget;
			buildConfigurationList = 44AE9AA822B5A7B0004789FE /* Build configuration list for PBXNativeTarget "MiracleBC_Staff" */;
			buildPhases = (
				44AE9A9022B5A7A6004789FE /* Sources */,
				44AE9A9122B5A7A6004789FE /* Frameworks */,
				44AE9A9222B5A7A6004789FE /* Resources */,
			);
			buildRules = (
			);
			dependencies = (
			);
			name = MiracleBC_Staff;
			productName = MiracleBC_Staff;
			productReference = 44AE9A9422B5A7A6004789FE /* MiracleBC_Staff.app */;
			productType = "com.apple.product-type.application";
		};
/* End PBXNativeTarget section */

/* Begin PBXProject section */
		44AE9A8C22B5A7A6004789FE /* Project object */ = {
			isa = PBXProject;
			attributes = {
				LastSwiftUpdateCheck = 1100;
				LastUpgradeCheck = 1100;
				ORGANIZATIONNAME = "Eugene Antropov";
				TargetAttributes = {
					44AE9A9322B5A7A6004789FE = {
						CreatedOnToolsVersion = 11.0;
					};
				};
			};
			buildConfigurationList = 44AE9A8F22B5A7A6004789FE /* Build configuration list for PBXProject "MiracleBC_Staff" */;
			compatibilityVersion = "Xcode 9.3";
			developmentRegion = en;
			hasScannedForEncodings = 0;
			knownRegions = (
				en,
				Base,
			);
			mainGroup = 44AE9A8B22B5A7A6004789FE;
			productRefGroup = 44AE9A9522B5A7A6004789FE /* Products */;
			projectDirPath = "";
			projectRoot = "";
			targets = (
				44AE9A9322B5A7A6004789FE /* MiracleBC_Staff */,
			);
		};
/* End PBXProject section */

/* Begin PBXResourcesBuildPhase section */
		44AE9A9222B5A7A6004789FE /* Resources */ = {
			isa = PBXResourcesBuildPhase;
			buildActionMask = 2147483647;
			files = (
				44AE9AA422B5A7B0004789FE /* LaunchScreen.storyboard in Resources */,
				44AE9AA122B5A7B0004789FE /* Preview Assets.xcassets in Resources */,
				44AE9A9E22B5A7B0004789FE /* Assets.xcassets in Resources */,
			);
			runOnlyForDeploymentPostprocessing = 0;
		};
/* End PBXResourcesBuildPhase section */

/* Begin PBXSourcesBuildPhase section */
		44AE9A9022B5A7A6004789FE /* Sources */ = {
			isa = PBXSourcesBuildPhase;
			buildActionMask = 2147483647;
			files = (
				44AE9A9822B5A7A6004789FE /* AppDelegate.swift in Sources */,
				44AE9A9A22B5A7A6004789FE /* SceneDelegate.swift in Sources */,
				44AE9A9C22B5A7A6004789FE /* ContentView.swift in Sources */,
			);
			runOnlyForDeploymentPostprocessing = 0;
		};
/* End PBXSourcesBuildPhase section */

/* Begin PBXVariantGroup section */
		44AE9AA222B5A7B0004789FE /* LaunchScreen.storyboard */ = {
			isa = PBXVariantGroup;
			children = (
				44AE9AA322B5A7B0004789FE /* Base */,
			);
			name = LaunchScreen.storyboard;
			sourceTree = "<group>";
		};
/* End PBXVariantGroup section */

/* Begin XCBuildConfiguration section */
		44AE9AA622B5A7B0004789FE /* Debug */ = {
			isa = XCBuildConfiguration;
			buildSettings = {
				ALWAYS_SEARCH_USER_PATHS = NO;
				CLANG_ANALYZER_NONNULL = YES;
				CLANG_ANALYZER_NUMBER_OBJECT_CONVERSION = YES_AGGRESSIVE;
				CLANG_CXX_LANGUAGE_STANDARD = "gnu++14";
				CLANG_CXX_LIBRARY = "libc++";
				CLANG_ENABLE_MODULES = YES;
				CLANG_ENABLE_OBJC_ARC = YES;
				CLANG_ENABLE_OBJC_WEAK = YES;
				CLANG_WARN_BLOCK_CAPTURE_AUTORELEASING = YES;
				CLANG_WARN_BOOL_CONVERSION = YES;
				CLANG_WARN_COMMA = YES;
				CLANG_WARN_CONSTANT_CONVERSION = YES;
				CLANG_WARN_DEPRECATED_OBJC_IMPLEMENTATIONS = YES;
				CLANG_WARN_DIRECT_OBJC_ISA_USAGE = YES_ERROR;
				CLANG_WARN_DOCUMENTATION_COMMENTS = YES;
				CLANG_WARN_EMPTY_BODY = YES;
				CLANG_WARN_ENUM_CONVERSION = YES;
				CLANG_WARN_INFINITE_RECURSION = YES;
				CLANG_WARN_INT_CONVERSION = YES;
				CLANG_WARN_NON_LITERAL_NULL_CONVERSION = YES;
				CLANG_WARN_OBJC_IMPLICIT_RETAIN_SELF = YES;
				CLANG_WARN_OBJC_LITERAL_CONVERSION = YES;
				CLANG_WARN_OBJC_ROOT_CLASS = YES_ERROR;
				CLANG_WARN_RANGE_LOOP_ANALYSIS = YES;
				CLANG_WARN_STRICT_PROTOTYPES = YES;
				CLANG_WARN_SUSPICIOUS_MOVE = YES;
				CLANG_WARN_UNGUARDED_AVAILABILITY = YES_AGGRESSIVE;
				CLANG_WARN_UNREACHABLE_CODE = YES;
				CLANG_WARN__DUPLICATE_METHOD_MATCH = YES;
				COPY_PHASE_STRIP = NO;
				DEBUG_INFORMATION_FORMAT = dwarf;
				ENABLE_STRICT_OBJC_MSGSEND = YES;
				ENABLE_TESTABILITY = YES;
				GCC_C_LANGUAGE_STANDARD = gnu11;
				GCC_DYNAMIC_NO_PIC = NO;
				GCC_NO_COMMON_BLOCKS = YES;
				GCC_OPTIMIZATION_LEVEL = 0;
				GCC_PREPROCESSOR_DEFINITIONS = (
					"DEBUG=1",
					"$(inherited)",
				);
				GCC_WARN_64_TO_32_BIT_CONVERSION = YES;
				GCC_WARN_ABOUT_RETURN_TYPE = YES_ERROR;
				GCC_WARN_UNDECLARED_SELECTOR = YES;
				GCC_WARN_UNINITIALIZED_AUTOS = YES_AGGRESSIVE;
				GCC_WARN_UNUSED_FUNCTION = YES;
				GCC_WARN_UNUSED_VARIABLE = YES;
				IPHONEOS_DEPLOYMENT_TARGET = 13.0;
				MTL_ENABLE_DEBUG_INFO = INCLUDE_SOURCE;
				MTL_FAST_MATH = YES;
				ONLY_ACTIVE_ARCH = YES;
				SDKROOT = iphoneos;
				SWIFT_ACTIVE_COMPILATION_CONDITIONS = DEBUG;
				SWIFT_OPTIMIZATION_LEVEL = "-Onone";
			};
			name = Debug;
		};
		44AE9AA722B5A7B0004789FE /* Release */ = {
			isa = XCBuildConfiguration;
			buildSettings = {
				ALWAYS_SEARCH_USER_PATHS = NO;
				CLANG_ANALYZER_NONNULL = YES;
				CLANG_ANALYZER_NUMBER_OBJECT_CONVERSION = YES_AGGRESSIVE;
				CLANG_CXX_LANGUAGE_STANDARD = "gnu++14";
				CLANG_CXX_LIBRARY = "libc++";
				CLANG_ENABLE_MODULES = YES;
				CLANG_ENABLE_OBJC_ARC = YES;
				CLANG_ENABLE_OBJC_WEAK = YES;
				CLANG_WARN_BLOCK_CAPTURE_AUTORELEASING = YES;
				CLANG_WARN_BOOL_CONVERSION = YES;
				CLANG_WARN_COMMA = YES;
				CLANG_WARN_CONSTANT_CONVERSION = YES;
				CLANG_WARN_DEPRECATED_OBJC_IMPLEMENTATIONS = YES;
				CLANG_WARN_DIRECT_OBJC_ISA_USAGE = YES_ERROR;
				CLANG_WARN_DOCUMENTATION_COMMENTS = YES;
				CLANG_WARN_EMPTY_BODY = YES;
				CLANG_WARN_ENUM_CONVERSION = YES;
				CLANG_WARN_INFINITE_RECURSION = YES;
				CLANG_WARN_INT_CONVERSION = YES;
				CLANG_WARN_NON_LITERAL_NULL_CONVERSION = YES;
				CLANG_WARN_OBJC_IMPLICIT_RETAIN_SELF = YES;
				CLANG_WARN_OBJC_LITERAL_CONVERSION = YES;
				CLANG_WARN_OBJC_ROOT_CLASS = YES_ERROR;
				CLANG_WARN_RANGE_LOOP_ANALYSIS = YES;
				CLANG_WARN_STRICT_PROTOTYPES = YES;
				CLANG_WARN_SUSPICIOUS_MOVE = YES;
				CLANG_WARN_UNGUARDED_AVAILABILITY = YES_AGGRESSIVE;
				CLANG_WARN_UNREACHABLE_CODE = YES;
				CLANG_WARN__DUPLICATE_METHOD_MATCH = YES;
				COPY_PHASE_STRIP = NO;
				DEBUG_INFORMATION_FORMAT = "dwarf-with-dsym";
				ENABLE_NS_ASSERTIONS = NO;
				ENABLE_STRICT_OBJC_MSGSEND = YES;
				GCC_C_LANGUAGE_STANDARD = gnu11;
				GCC_NO_COMMON_BLOCKS = YES;
				GCC_WARN_64_TO_32_BIT_CONVERSION = YES;
				GCC_WARN_ABOUT_RETURN_TYPE = YES_ERROR;
				GCC_WARN_UNDECLARED_SELECTOR = YES;
				GCC_WARN_UNINITIALIZED_AUTOS = YES_AGGRESSIVE;
				GCC_WARN_UNUSED_FUNCTION = YES;
				GCC_WARN_UNUSED_VARIABLE = YES;
				IPHONEOS_DEPLOYMENT_TARGET = 13.0;
				MTL_ENABLE_DEBUG_INFO = NO;
				MTL_FAST_MATH = YES;
				SDKROOT = iphoneos;
				SWIFT_COMPILATION_MODE = wholemodule;
				SWIFT_OPTIMIZATION_LEVEL = "-O";
				VALIDATE_PRODUCT = YES;
			};
			name = Release;
		};
		44AE9AA922B5A7B0004789FE /* Debug */ = {
			isa = XCBuildConfiguration;
			buildSettings = {
				ASSETCATALOG_COMPILER_APPICON_NAME = AppIcon;
				CODE_SIGN_STYLE = Automatic;
				DEVELOPMENT_ASSET_PATHS = "MiracleBC_Staff/Preview\\ Content";
				DEVELOPMENT_TEAM = J67Y29BQR7;
				ENABLE_PREVIEWS = YES;
				INFOPLIST_FILE = MiracleBC_Staff/Info.plist;
				LD_RUNPATH_SEARCH_PATHS = (
					"$(inherited)",
					"@executable_path/Frameworks",
				);
				PRODUCT_BUNDLE_IDENTIFIER = "it.eantropov.MiracleBC-Staff";
				PRODUCT_NAME = "$(TARGET_NAME)";
				SWIFT_VERSION = 5.0;
				TARGETED_DEVICE_FAMILY = "1,2";
			};
			name = Debug;
		};
		44AE9AAA22B5A7B0004789FE /* Release */ = {
			isa = XCBuildConfiguration;
			buildSettings = {
				ASSETCATALOG_COMPILER_APPICON_NAME = AppIcon;
				CODE_SIGN_STYLE = Automatic;
				DEVELOPMENT_ASSET_PATHS = "MiracleBC_Staff/Preview\\ Content";
				DEVELOPMENT_TEAM = J67Y29BQR7;
				ENABLE_PREVIEWS = YES;
				INFOPLIST_FILE = MiracleBC_Staff/Info.plist;
				LD_RUNPATH_SEARCH_PATHS = (
					"$(inherited)",
					"@executable_path/Frameworks",
				);
				PRODUCT_BUNDLE_IDENTIFIER = "it.eantropov.MiracleBC-Staff";
				PRODUCT_NAME = "$(TARGET_NAME)";
				SWIFT_VERSION = 5.0;
				TARGETED_DEVICE_FAMILY = "1,2";
			};
			name = Release;
		};
/* End XCBuildConfiguration section */

/* Begin XCConfigurationList section */
		44AE9A8F22B5A7A6004789FE /* Build configuration list for PBXProject "MiracleBC_Staff" */ = {
			isa = XCConfigurationList;
			buildConfigurations = (
				44AE9AA622B5A7B0004789FE /* Debug */,
				44AE9AA722B5A7B0004789FE /* Release */,
			);
			defaultConfigurationIsVisible = 0;
			defaultConfigurationName = Release;
		};
		44AE9AA822B5A7B0004789FE /* Build configuration list for PBXNativeTarget "MiracleBC_Staff" */ = {
			isa = XCConfigurationList;
			buildConfigurations = (
				44AE9AA922B5A7B0004789FE /* Debug */,
				44AE9AAA22B5A7B0004789FE /* Release */,
			);
			defaultConfigurationIsVisible = 0;
			defaultConfigurationName = Release;
		};
/* End XCConfigurationList section */
	};
	rootObject = 44AE9A8C22B5A7A6004789FE /* Project object */;
}
